github.com/dylannz-sailthru/go-friendly v1.1.1 h1:1DZZJ4E6JBd5t3fG8NsVgrQ4EkRbAGBOxE6ILMs29Go=
github.com/dylannz-sailthru/go-friendly v1.1.1/go.mod h1:rn7ZaV3pTYZFsC29oW7TEzp0Jpz2+DjyacGOvMgn2pg=
github.com/hashicorp/errwrap v1.1.0 h1:OxrOeh75EUXMY8TBjag2fzXGZ40LB6IKw45YeGUDY2I=
github.com/hashicorp/errwrap v1.1.0/go.mod h1:YH+1FKiLXxHSkmPseP+kNlulaMuP3n2brvKWEqk/Jc4=
github.com/pkg/errors v0.8.1/go.mod h1:bwawxfHBFNV+L2hUp1rHADufV3IMtnDRdf1r5NINEl0=
github.com/pkg/errors v0.9.1 h1:FEBLx1zS214owpjy7qsBeixbURkuhQAwrK5UwLGTwt4=
github.com/pkg/errors v0.9.1/go.mod h1:bwawxfHBFNV+L2hUp1rHADufV3IMtnDRdf1r5NINEl0=
